// !$*UTF8*$!
{
	archiveVersion = 1;
	classes = {
	};
	objectVersion = 46;
	objects = {

/* Begin PBXBuildFile section */
		243BCC891E440EF80071C142 /* HomeViewController.swift in Sources */ = {isa = PBXBuildFile; fileRef = 243BCC881E440EF80071C142 /* HomeViewController.swift */; };
		243BCC8B1E4415690071C142 /* PostTableViewCell.swift in Sources */ = {isa = PBXBuildFile; fileRef = 243BCC8A1E4415690071C142 /* PostTableViewCell.swift */; };
		243F1AF41E440A5E00CD3BFA /* AppDelegate.swift in Sources */ = {isa = PBXBuildFile; fileRef = 243F1AF31E440A5E00CD3BFA /* AppDelegate.swift */; };
		243F1AF91E440A5E00CD3BFA /* Main.storyboard in Resources */ = {isa = PBXBuildFile; fileRef = 243F1AF71E440A5E00CD3BFA /* Main.storyboard */; };
		243F1AFC1E440A5E00CD3BFA /* Tumblr.xcdatamodeld in Sources */ = {isa = PBXBuildFile; fileRef = 243F1AFA1E440A5E00CD3BFA /* Tumblr.xcdatamodeld */; };
		243F1AFE1E440A5E00CD3BFA /* Assets.xcassets in Resources */ = {isa = PBXBuildFile; fileRef = 243F1AFD1E440A5E00CD3BFA /* Assets.xcassets */; };
		243F1B011E440A5E00CD3BFA /* LaunchScreen.storyboard in Resources */ = {isa = PBXBuildFile; fileRef = 243F1AFF1E440A5E00CD3BFA /* LaunchScreen.storyboard */; };
		247217641E4D552C00F4B9EA /* DetailsViewController.swift in Sources */ = {isa = PBXBuildFile; fileRef = 247217631E4D552C00F4B9EA /* DetailsViewController.swift */; };
		247217661E4D8A7C00F4B9EA /* InfiniteScrollActivityView.swift in Sources */ = {isa = PBXBuildFile; fileRef = 247217651E4D8A7B00F4B9EA /* InfiniteScrollActivityView.swift */; };
		247217681E4DA31500F4B9EA /* PhotoZoomViewController.swift in Sources */ = {isa = PBXBuildFile; fileRef = 247217671E4DA31500F4B9EA /* PhotoZoomViewController.swift */; };
		2472176A1E4DA9D700F4B9EA /* ZoomNavigationController.swift in Sources */ = {isa = PBXBuildFile; fileRef = 247217691E4DA9D700F4B9EA /* ZoomNavigationController.swift */; };
		3FB19DCF635EF08B11F08B9F /* Pods_Tumblr.framework in Frameworks */ = {isa = PBXBuildFile; fileRef = 0DA1D7B4A3EAD8B9D8B63F0E /* Pods_Tumblr.framework */; };
/* End PBXBuildFile section */

/* Begin PBXFileReference section */
		0DA1D7B4A3EAD8B9D8B63F0E /* Pods_Tumblr.framework */ = {isa = PBXFileReference; explicitFileType = wrapper.framework; includeInIndex = 0; path = Pods_Tumblr.framework; sourceTree = BUILT_PRODUCTS_DIR; };
		243BCC881E440EF80071C142 /* HomeViewController.swift */ = {isa = PBXFileReference; fileEncoding = 4; lastKnownFileType = sourcecode.swift; path = HomeViewController.swift; sourceTree = "<group>"; };
		243BCC8A1E4415690071C142 /* PostTableViewCell.swift */ = {isa = PBXFileReference; fileEncoding = 4; lastKnownFileType = sourcecode.swift; path = PostTableViewCell.swift; sourceTree = "<group>"; };
		243F1AF01E440A5E00CD3BFA /* Tumblr.app */ = {isa = PBXFileReference; explicitFileType = wrapper.application; includeInIndex = 0; path = Tumblr.app; sourceTree = BUILT_PRODUCTS_DIR; };
		243F1AF31E440A5E00CD3BFA /* AppDelegate.swift */ = {isa = PBXFileReference; lastKnownFileType = sourcecode.swift; path = AppDelegate.swift; sourceTree = "<group>"; };
		243F1AF81E440A5E00CD3BFA /* Base */ = {isa = PBXFileReference; lastKnownFileType = file.storyboard; name = Base; path = Base.lproj/Main.storyboard; sourceTree = "<group>"; };
		243F1AFB1E440A5E00CD3BFA /* Tumblr.xcdatamodel */ = {isa = PBXFileReference; lastKnownFileType = wrapper.xcdatamodel; path = Tumblr.xcdatamodel; sourceTree = "<group>"; };
		243F1AFD1E440A5E00CD3BFA /* Assets.xcassets */ = {isa = PBXFileReference; lastKnownFileType = folder.assetcatalog; path = Assets.xcassets; sourceTree = "<group>"; };
		243F1B001E440A5E00CD3BFA /* Base */ = {isa = PBXFileReference; lastKnownFileType = file.storyboard; name = Base; path = Base.lproj/LaunchScreen.storyboard; sourceTree = "<group>"; };
		243F1B021E440A5E00CD3BFA /* Info.plist */ = {isa = PBXFileReference; lastKnownFileType = text.plist.xml; path = Info.plist; sourceTree = "<group>"; };
		247217631E4D552C00F4B9EA /* DetailsViewController.swift */ = {isa = PBXFileReference; fileEncoding = 4; lastKnownFileType = sourcecode.swift; path = DetailsViewController.swift; sourceTree = "<group>"; };
		247217651E4D8A7B00F4B9EA /* InfiniteScrollActivityView.swift */ = {isa = PBXFileReference; fileEncoding = 4; lastKnownFileType = sourcecode.swift; path = InfiniteScrollActivityView.swift; sourceTree = "<group>"; };
		247217671E4DA31500F4B9EA /* PhotoZoomViewController.swift */ = {isa = PBXFileReference; fileEncoding = 4; lastKnownFileType = sourcecode.swift; path = PhotoZoomViewController.swift; sourceTree = "<group>"; };
		247217691E4DA9D700F4B9EA /* ZoomNavigationController.swift */ = {isa = PBXFileReference; fileEncoding = 4; lastKnownFileType = sourcecode.swift; path = ZoomNavigationController.swift; sourceTree = "<group>"; };
		2A0DD5C4D24883D4EFE71CEA /* Pods-Tumblr.debug.xcconfig */ = {isa = PBXFileReference; includeInIndex = 1; lastKnownFileType = text.xcconfig; name = "Pods-Tumblr.debug.xcconfig"; path = "Pods/Target Support Files/Pods-Tumblr/Pods-Tumblr.debug.xcconfig"; sourceTree = "<group>"; };
		EB420376BEC90319D3754FDE /* Pods-Tumblr.release.xcconfig */ = {isa = PBXFileReference; includeInIndex = 1; lastKnownFileType = text.xcconfig; name = "Pods-Tumblr.release.xcconfig"; path = "Pods/Target Support Files/Pods-Tumblr/Pods-Tumblr.release.xcconfig"; sourceTree = "<group>"; };
/* End PBXFileReference section */

/* Begin PBXFrameworksBuildPhase section */
		243F1AED1E440A5E00CD3BFA /* Frameworks */ = {
			isa = PBXFrameworksBuildPhase;
			buildActionMask = 2147483647;
			files = (
				3FB19DCF635EF08B11F08B9F /* Pods_Tumblr.framework in Frameworks */,
			);
			runOnlyForDeploymentPostprocessing = 0;
		};
/* End PBXFrameworksBuildPhase section */

/* Begin PBXGroup section */
		14D2E58DAC52ACC1B71386B8 /* Frameworks */ = {
			isa = PBXGroup;
			children = (
				0DA1D7B4A3EAD8B9D8B63F0E /* Pods_Tumblr.framework */,
			);
			name = Frameworks;
			sourceTree = "<group>";
		};
		243BCC861E440C0C0071C142 /* views */ = {
			isa = PBXGroup;
			children = (
				243BCC8A1E4415690071C142 /* PostTableViewCell.swift */,
				247217651E4D8A7B00F4B9EA /* InfiniteScrollActivityView.swift */,
			);
			name = views;
			sourceTree = "<group>";
		};
		243BCC871E440C180071C142 /* view_controllers */ = {
			isa = PBXGroup;
			children = (
				243BCC881E440EF80071C142 /* HomeViewController.swift */,
				247217631E4D552C00F4B9EA /* DetailsViewController.swift */,
				247217671E4DA31500F4B9EA /* PhotoZoomViewController.swift */,
				247217691E4DA9D700F4B9EA /* ZoomNavigationController.swift */,
			);
			name = view_controllers;
			sourceTree = "<group>";
		};
		243F1AE71E440A5E00CD3BFA = {
			isa = PBXGroup;
			children = (
				243F1AF21E440A5E00CD3BFA /* Tumblr */,
				243F1AF11E440A5E00CD3BFA /* Products */,
				7FBDDD0969F537A68A5C6F83 /* Pods */,
				14D2E58DAC52ACC1B71386B8 /* Frameworks */,
			);
			sourceTree = "<group>";
		};
		243F1AF11E440A5E00CD3BFA /* Products */ = {
			isa = PBXGroup;
			children = (
				243F1AF01E440A5E00CD3BFA /* Tumblr.app */,
			);
			name = Products;
			sourceTree = "<group>";
		};
		243F1AF21E440A5E00CD3BFA /* Tumblr */ = {
			isa = PBXGroup;
			children = (
				243BCC871E440C180071C142 /* view_controllers */,
				243BCC861E440C0C0071C142 /* views */,
				243F1AF31E440A5E00CD3BFA /* AppDelegate.swift */,
				243F1AF71E440A5E00CD3BFA /* Main.storyboard */,
				243F1AFD1E440A5E00CD3BFA /* Assets.xcassets */,
				243F1AFF1E440A5E00CD3BFA /* LaunchScreen.storyboard */,
				243F1B021E440A5E00CD3BFA /* Info.plist */,
				243F1AFA1E440A5E00CD3BFA /* Tumblr.xcdatamodeld */,
			);
			path = Tumblr;
			sourceTree = "<group>";
		};
		7FBDDD0969F537A68A5C6F83 /* Pods */ = {
			isa = PBXGroup;
			children = (
				2A0DD5C4D24883D4EFE71CEA /* Pods-Tumblr.debug.xcconfig */,
				EB420376BEC90319D3754FDE /* Pods-Tumblr.release.xcconfig */,
			);
			name = Pods;
			sourceTree = "<group>";
		};
/* End PBXGroup section */

/* Begin PBXNativeTarget section */
		243F1AEF1E440A5E00CD3BFA /* Tumblr */ = {
			isa = PBXNativeTarget;
			buildConfigurationList = 243F1B051E440A5E00CD3BFA /* Build configuration list for PBXNativeTarget "Tumblr" */;
			buildPhases = (
				E922B2E6CADAA997FDF3DA18 /* [CP] Check Pods Manifest.lock */,
				243F1AEC1E440A5E00CD3BFA /* Sources */,
				243F1AED1E440A5E00CD3BFA /* Frameworks */,
				243F1AEE1E440A5E00CD3BFA /* Resources */,
				24196BADFBB306CAAC6A7823 /* [CP] Embed Pods Frameworks */,
				7F635E06A02A516569B9B2E8 /* [CP] Copy Pods Resources */,
			);
			buildRules = (
			);
			dependencies = (
			);
			name = Tumblr;
			productName = Tumblr;
			productReference = 243F1AF01E440A5E00CD3BFA /* Tumblr.app */;
			productType = "com.apple.product-type.application";
		};
/* End PBXNativeTarget section */

/* Begin PBXProject section */
		243F1AE81E440A5E00CD3BFA /* Project object */ = {
			isa = PBXProject;
			attributes = {
				LastSwiftUpdateCheck = 0810;
				LastUpgradeCheck = 0810;
				ORGANIZATIONNAME = "Satyam Jaiswal";
				TargetAttributes = {
					243F1AEF1E440A5E00CD3BFA = {
						CreatedOnToolsVersion = 8.1;
						ProvisioningStyle = Automatic;
					};
				};
			};
			buildConfigurationList = 243F1AEB1E440A5E00CD3BFA /* Build configuration list for PBXProject "Tumblr" */;
			compatibilityVersion = "Xcode 3.2";
			developmentRegion = English;
			hasScannedForEncodings = 0;
			knownRegions = (
				en,
				Base,
			);
			mainGroup = 243F1AE71E440A5E00CD3BFA;
			productRefGroup = 243F1AF11E440A5E00CD3BFA /* Products */;
			projectDirPath = "";
			projectRoot = "";
			targets = (
				243F1AEF1E440A5E00CD3BFA /* Tumblr */,
			);
		};
/* End PBXProject section */

/* Begin PBXResourcesBuildPhase section */
		243F1AEE1E440A5E00CD3BFA /* Resources */ = {
			isa = PBXResourcesBuildPhase;
			buildActionMask = 2147483647;
			files = (
				243F1B011E440A5E00CD3BFA /* LaunchScreen.storyboard in Resources */,
				243F1AFE1E440A5E00CD3BFA /* Assets.xcassets in Resources */,
				243F1AF91E440A5E00CD3BFA /* Main.storyboard in Resources */,
			);
			runOnlyForDeploymentPostprocessing = 0;
		};
/* End PBXResourcesBuildPhase section */

/* Begin PBXShellScriptBuildPhase section */
		24196BADFBB306CAAC6A7823 /* [CP] Embed Pods Frameworks */ = {
			isa = PBXShellScriptBuildPhase;
			buildActionMask = 2147483647;
			files = (
			);
			inputPaths = (
			);
			name = "[CP] Embed Pods Frameworks";
			outputPaths = (
			);
			runOnlyForDeploymentPostprocessing = 0;
			shellPath = /bin/sh;
			shellScript = "\"${SRCROOT}/Pods/Target Support Files/Pods-Tumblr/Pods-Tumblr-frameworks.sh\"\n";
			showEnvVarsInLog = 0;
		};
		7F635E06A02A516569B9B2E8 /* [CP] Copy Pods Resources */ = {
			isa = PBXShellScriptBuildPhase;
			buildActionMask = 2147483647;
			files = (
			);
			inputPaths = (
			);
			name = "[CP] Copy Pods Resources";
			outputPaths = (
			);
			runOnlyForDeploymentPostprocessing = 0;
			shellPath = /bin/sh;
			shellScript = "\"${SRCROOT}/Pods/Target Support Files/Pods-Tumblr/Pods-Tumblr-resources.sh\"\n";
			showEnvVarsInLog = 0;
		};
		E922B2E6CADAA997FDF3DA18 /* [CP] Check Pods Manifest.lock */ = {
			isa = PBXShellScriptBuildPhase;
			buildActionMask = 2147483647;
			files = (
			);
			inputPaths = (
			);
			name = "[CP] Check Pods Manifest.lock";
			outputPaths = (
			);
			runOnlyForDeploymentPostprocessing = 0;
			shellPath = /bin/sh;
			shellScript = "diff \"${PODS_ROOT}/../Podfile.lock\" \"${PODS_ROOT}/Manifest.lock\" > /dev/null\nif [ $? != 0 ] ; then\n    # print error to STDERR\n    echo \"error: The sandbox is not in sync with the Podfile.lock. Run 'pod install' or update your CocoaPods installation.\" >&2\n    exit 1\nfi\n";
			showEnvVarsInLog = 0;
		};
/* End PBXShellScriptBuildPhase section */

/* Begin PBXSourcesBuildPhase section */
		243F1AEC1E440A5E00CD3BFA /* Sources */ = {
			isa = PBXSourcesBuildPhase;
			buildActionMask = 2147483647;
			files = (
				247217661E4D8A7C00F4B9EA /* InfiniteScrollActivityView.swift in Sources */,
				243F1AFC1E440A5E00CD3BFA /* Tumblr.xcdatamodeld in Sources */,
				2472176A1E4DA9D700F4B9EA /* ZoomNavigationController.swift in Sources */,
				243F1AF41E440A5E00CD3BFA /* AppDelegate.swift in Sources */,
				247217681E4DA31500F4B9EA /* PhotoZoomViewController.swift in Sources */,
				243BCC891E440EF80071C142 /* HomeViewController.swift in Sources */,
				243BCC8B1E4415690071C142 /* PostTableViewCell.swift in Sources */,
				247217641E4D552C00F4B9EA /* DetailsViewController.swift in Sources */,
			);
			runOnlyForDeploymentPostprocessing = 0;
		};
/* End PBXSourcesBuildPhase section */

/* Begin PBXVariantGroup section */
		243F1AF71E440A5E00CD3BFA /* Main.storyboard */ = {
			isa = PBXVariantGroup;
			children = (
				243F1AF81E440A5E00CD3BFA /* Base */,
			);
			name = Main.storyboard;
			sourceTree = "<group>";
		};
		243F1AFF1E440A5E00CD3BFA /* LaunchScreen.storyboard */ = {
			isa = PBXVariantGroup;
			children = (
				243F1B001E440A5E00CD3BFA /* Base */,
			);
			name = LaunchScreen.storyboard;
			sourceTree = "<group>";
		};
/* End PBXVariantGroup section */

/* Begin XCBuildConfiguration section */
		243F1B031E440A5E00CD3BFA /* Debug */ = {
			isa = XCBuildConfiguration;
			buildSettings = {
				ALWAYS_SEARCH_USER_PATHS = NO;
				CLANG_ANALYZER_NONNULL = YES;
				CLANG_CXX_LANGUAGE_STANDARD = "gnu++0x";
				CLANG_CXX_LIBRARY = "libc++";
				CLANG_ENABLE_MODULES = YES;
				CLANG_ENABLE_OBJC_ARC = YES;
				CLANG_WARN_BOOL_CONVERSION = YES;
				CLANG_WARN_CONSTANT_CONVERSION = YES;
				CLANG_WARN_DIRECT_OBJC_ISA_USAGE = YES_ERROR;
				CLANG_WARN_DOCUMENTATION_COMMENTS = YES;
				CLANG_WARN_EMPTY_BODY = YES;
				CLANG_WARN_ENUM_CONVERSION = YES;
				CLANG_WARN_INFINITE_RECURSION = YES;
				CLANG_WARN_INT_CONVERSION = YES;
				CLANG_WARN_OBJC_ROOT_CLASS = YES_ERROR;
				CLANG_WARN_SUSPICIOUS_MOVES = YES;
				CLANG_WARN_UNREACHABLE_CODE = YES;
				CLANG_WARN__DUPLICATE_METHOD_MATCH = YES;
				"CODE_SIGN_IDENTITY[sdk=iphoneos*]" = "iPhone Developer";
				COPY_PHASE_STRIP = NO;
				DEBUG_INFORMATION_FORMAT = dwarf;
				ENABLE_STRICT_OBJC_MSGSEND = YES;
				ENABLE_TESTABILITY = YES;
				GCC_C_LANGUAGE_STANDARD = gnu99;
				GCC_DYNAMIC_NO_PIC = NO;
				GCC_NO_COMMON_BLOCKS = YES;
				GCC_OPTIMIZATION_LEVEL = 0;
				GCC_PREPROCESSOR_DEFINITIONS = (
					"DEBUG=1",
					"$(inherited)",
				);
				GCC_WARN_64_TO_32_BIT_CONVERSION = YES;
				GCC_WARN_ABOUT_RETURN_TYPE = YES_ERROR;
				GCC_WARN_UNDECLARED_SELECTOR = YES;
				GCC_WARN_UNINITIALIZED_AUTOS = YES_AGGRESSIVE;
				GCC_WARN_UNUSED_FUNCTION = YES;
				GCC_WARN_UNUSED_VARIABLE = YES;
				IPHONEOS_DEPLOYMENT_TARGET = 10.1;
				MTL_ENABLE_DEBUG_INFO = YES;
				ONLY_ACTIVE_ARCH = YES;
				SDKROOT = iphoneos;
				SWIFT_ACTIVE_COMPILATION_CONDITIONS = DEBUG;
				SWIFT_OPTIMIZATION_LEVEL = "-Onone";
			};
			name = Debug;
		};
		243F1B041E440A5E00CD3BFA /* Release */ = {
			isa = XCBuildConfiguration;
			buildSettings = {
				ALWAYS_SEARCH_USER_PATHS = NO;
				CLANG_ANALYZER_NONNULL = YES;
				CLANG_CXX_LANGUAGE_STANDARD = "gnu++0x";
				CLANG_CXX_LIBRARY = "libc++";
				CLANG_ENABLE_MODULES = YES;
				CLANG_ENABLE_OBJC_ARC = YES;
				CLANG_WARN_BOOL_CONVERSION = YES;
				CLANG_WARN_CONSTANT_CONVERSION = YES;
				CLANG_WARN_DIRECT_OBJC_ISA_USAGE = YES_ERROR;
				CLANG_WARN_DOCUMENTATION_COMMENTS = YES;
				CLANG_WARN_EMPTY_BODY = YES;
				CLANG_WARN_ENUM_CONVERSION = YES;
				CLANG_WARN_INFINITE_RECURSION = YES;
				CLANG_WARN_INT_CONVERSION = YES;
				CLANG_WARN_OBJC_ROOT_CLASS = YES_ERROR;
				CLANG_WARN_SUSPICIOUS_MOVES = YES;
				CLANG_WARN_UNREACHABLE_CODE = YES;
				CLANG_WARN__DUPLICATE_METHOD_MATCH = YES;
				"CODE_SIGN_IDENTITY[sdk=iphoneos*]" = "iPhone Developer";
				COPY_PHASE_STRIP = NO;
				DEBUG_INFORMATION_FORMAT = "dwarf-with-dsym";
				ENABLE_NS_ASSERTIONS = NO;
				ENABLE_STRICT_OBJC_MSGSEND = YES;
				GCC_C_LANGUAGE_STANDARD = gnu99;
				GCC_NO_COMMON_BLOCKS = YES;
				GCC_WARN_64_TO_32_BIT_CONVERSION = YES;
				GCC_WARN_ABOUT_RETURN_TYPE = YES_ERROR;
				GCC_WARN_UNDECLARED_SELECTOR = YES;
				GCC_WARN_UNINITIALIZED_AUTOS = YES_AGGRESSIVE;
				GCC_WARN_UNUSED_FUNCTION = YES;
				GCC_WARN_UNUSED_VARIABLE = YES;
				IPHONEOS_DEPLOYMENT_TARGET = 10.1;
				MTL_ENABLE_DEBUG_INFO = NO;
				SDKROOT = iphoneos;
				SWIFT_OPTIMIZATION_LEVEL = "-Owholemodule";
				VALIDATE_PRODUCT = YES;
			};
			name = Release;
		};
		243F1B061E440A5E00CD3BFA /* Debug */ = {
			isa = XCBuildConfiguration;
			baseConfigurationReference = 2A0DD5C4D24883D4EFE71CEA /* Pods-Tumblr.debug.xcconfig */;
			buildSettings = {
				ASSETCATALOG_COMPILER_APPICON_NAME = AppIcon;
				INFOPLIST_FILE = Tumblr/Info.plist;
				LD_RUNPATH_SEARCH_PATHS = "$(inherited) @executable_path/Frameworks";
				PRODUCT_BUNDLE_IDENTIFIER = www.codepath.com.Tumblr;
				PRODUCT_NAME = "$(TARGET_NAME)";
				SWIFT_VERSION = 3.0;
			};
			name = Debug;
		};
		243F1B071E440A5E00CD3BFA /* Release */ = {
			isa = XCBuildConfiguration;
			baseConfigurationReference = EB420376BEC90319D3754FDE /* Pods-Tumblr.release.xcconfig */;
			buildSettings = {
				ASSETCATALOG_COMPILER_APPICON_NAME = AppIcon;
				INFOPLIST_FILE = Tumblr/Info.plist;
				LD_RUNPATH_SEARCH_PATHS = "$(inherited) @executable_path/Frameworks";
				PRODUCT_BUNDLE_IDENTIFIER = www.codepath.com.Tumblr;
				PRODUCT_NAME = "$(TARGET_NAME)";
				SWIFT_VERSION = 3.0;
			};
			name = Release;
		};
/* End XCBuildConfiguration section */

/* Begin XCConfigurationList section */
		243F1AEB1E440A5E00CD3BFA /* Build configuration list for PBXProject "Tumblr" */ = {
			isa = XCConfigurationList;
			buildConfigurations = (
				243F1B031E440A5E00CD3BFA /* Debug */,
				243F1B041E440A5E00CD3BFA /* Release */,
			);
			defaultConfigurationIsVisible = 0;
			defaultConfigurationName = Release;
		};
		243F1B051E440A5E00CD3BFA /* Build configuration list for PBXNativeTarget "Tumblr" */ = {
			isa = XCConfigurationList;
			buildConfigurations = (
				243F1B061E440A5E00CD3BFA /* Debug */,
				243F1B071E440A5E00CD3BFA /* Release */,
			);
			defaultConfigurationIsVisible = 0;
			defaultConfigurationName = Release;
		};
/* End XCConfigurationList section */

/* Begin XCVersionGroup section */
		243F1AFA1E440A5E00CD3BFA /* Tumblr.xcdatamodeld */ = {
			isa = XCVersionGroup;
			children = (
				243F1AFB1E440A5E00CD3BFA /* Tumblr.xcdatamodel */,
			);
			currentVersion = 243F1AFB1E440A5E00CD3BFA /* Tumblr.xcdatamodel */;
			path = Tumblr.xcdatamodeld;
			sourceTree = "<group>";
			versionGroupType = wrapper.xcdatamodel;
		};
/* End XCVersionGroup section */
	};
	rootObject = 243F1AE81E440A5E00CD3BFA /* Project object */;
}
